dependencies:
- name: postgresql
  repository: https://raw.githubusercontent.com/bitnami/charts/archive-full-index/bitnami
  version: 16.7.4
- name: minio
  repository: https://raw.githubusercontent.com/bitnami/charts/archive-full-index/bitnami
  version: 16.0.10
- name: kafka
  repository: https://raw.githubusercontent.com/bitnami/charts/archive-full-index/bitnami
  version: 31.5.0
digest: sha256:9c4a34dab1d710524ae1c09474f9c9b03dc67cbca9e39142b067c16f5e84fa0a
generated: "2025-06-04T18:34:23.197069+03:00"
