dependencies:
- name: postgresql
  repository: https://raw.githubusercontent.com/bitnami/charts/archive-full-index/bitnami
  version: 16.7.4
- name: minio
  repository: https://raw.githubusercontent.com/bitnami/charts/archive-full-index/bitnami
  version: 16.0.10
- name: kafka
  repository: https://raw.githubusercontent.com/bitnami/charts/archive-full-index/bitnami
  version: 32.2.12
digest: sha256:d6252eb0751be74d651ce25c059d8183445ea2873f7d99f765f8e035add97cdc
generated: "2025-06-03T21:14:01.633994+03:00"
